
Microsoft Visual Studio Solution File, Format Version 12.00
# Visual Studio 2013
VisualStudioVersion = 12.0.31101.0
MinimumVisualStudioVersion = 10.0.40219.1
Project("{FAE04EC0-301F-11D3-BF4B-00C04F79EFBC}") = "Demo.FrontEnd", "Demo.FrontEnd\Demo.FrontEnd.csproj", "{DF7128D8-60B5-41B5-BC16-C675C3C94A5D}"
EndProject
Project("{FAE04EC0-301F-11D3-BF4B-00C04F79EFBC}") = "Demo.BackEnd", "Demo.BackEnd\Demo.BackEnd.csproj", "{01349E91-F9D9-433B-8F26-A6CAF63F0521}"
EndProject
Project("{2150E333-8FDC-42A3-9474-1A3956D46DE8}") = "Project", "Project", "{F05FF13F-33E1-4BD7-AE3C-540DDB5026EC}"
EndProject
Project("{FAE04EC0-301F-11D3-BF4B-00C04F79EFBC}") = "CorsProxy.AspNet", "..\CorsProxy.AspNet\CorsProxy.AspNet\CorsProxy.AspNet.csproj", "{84793AFB-D9F8-4FBB-AB0D-097A48627044}"
EndProject
Global
	GlobalSection(SolutionConfigurationPlatforms) = preSolution
		Debug|Any CPU = Debug|Any CPU
		Release|Any CPU = Release|Any CPU
	EndGlobalSection
	GlobalSection(ProjectConfigurationPlatforms) = postSolution
		{DF7128D8-60B5-41B5-BC16-C675C3C94A5D}.Debug|Any CPU.ActiveCfg = Debug|Any CPU
		{DF7128D8-60B5-41B5-BC16-C675C3C94A5D}.Debug|Any CPU.Build.0 = Debug|Any CPU
		{DF7128D8-60B5-41B5-BC16-C675C3C94A5D}.Release|Any CPU.ActiveCfg = Release|Any CPU
		{DF7128D8-60B5-41B5-BC16-C675C3C94A5D}.Release|Any CPU.Build.0 = Release|Any CPU
		{01349E91-F9D9-433B-8F26-A6CAF63F0521}.Debug|Any CPU.ActiveCfg = Debug|Any CPU
		{01349E91-F9D9-433B-8F26-A6CAF63F0521}.Debug|Any CPU.Build.0 = Debug|Any CPU
		{01349E91-F9D9-433B-8F26-A6CAF63F0521}.Release|Any CPU.ActiveCfg = Release|Any CPU
		{01349E91-F9D9-433B-8F26-A6CAF63F0521}.Release|Any CPU.Build.0 = Release|Any CPU
		{84793AFB-D9F8-4FBB-AB0D-097A48627044}.Debug|Any CPU.ActiveCfg = Debug|Any CPU
		{84793AFB-D9F8-4FBB-AB0D-097A48627044}.Debug|Any CPU.Build.0 = Debug|Any CPU
		{84793AFB-D9F8-4FBB-AB0D-097A48627044}.Release|Any CPU.ActiveCfg = Release|Any CPU
		{84793AFB-D9F8-4FBB-AB0D-097A48627044}.Release|Any CPU.Build.0 = Release|Any CPU
	EndGlobalSection
	GlobalSection(SolutionProperties) = preSolution
		HideSolutionNode = FALSE
	EndGlobalSection
	GlobalSection(NestedProjects) = preSolution
		{84793AFB-D9F8-4FBB-AB0D-097A48627044} = {F05FF13F-33E1-4BD7-AE3C-540DDB5026EC}
	EndGlobalSection
EndGlobal
