
Microsoft Visual Studio Solution File, Format Version 12.00
# Visual Studio 2012
Project("{FAE04EC0-301F-11D3-BF4B-00C04F79EFBC}") = "CorsProxy.AspNet", "CorsProxy.AspNet\CorsProxy.AspNet.csproj", "{84793AFB-D9F8-4FBB-AB0D-097A48627044}"
EndProject
Global
	GlobalSection(SolutionConfigurationPlatforms) = preSolution
		Debug|Any CPU = Debug|Any CPU
		Release|Any CPU = Release|Any CPU
	EndGlobalSection
	GlobalSection(ProjectConfigurationPlatforms) = postSolution
		{84793AFB-D9F8-4FBB-AB0D-097A48627044}.Debug|Any CPU.ActiveCfg = Debug|Any CPU
		{84793AFB-D9F8-4FBB-AB0D-097A48627044}.Debug|Any CPU.Build.0 = Debug|Any CPU
		{84793AFB-D9F8-4FBB-AB0D-097A48627044}.Release|Any CPU.ActiveCfg = Release|Any CPU
		{84793AFB-D9F8-4FBB-AB0D-097A48627044}.Release|Any CPU.Build.0 = Release|Any CPU
	EndGlobalSection
	GlobalSection(SolutionProperties) = preSolution
		HideSolutionNode = FALSE
	EndGlobalSection
EndGlobal
